
Microsoft Visual Studio Solution File, Format Version 12.00
# Visual Studio Version 16
VisualStudioVersion = 16.0.30204.135
MinimumVisualStudioVersion = 10.0.40219.1
Project("{FAE04EC0-301F-11D3-BF4B-00C04F79EFBC}") = "FontColourPredictor", "FontColourPredictor\FontColourPredictor.csproj", "{7FC22729-36B8-4854-AC71-F86FFCBF5688}"
EndProject
Global
	GlobalSection(SolutionConfigurationPlatforms) = preSolution
		Debug|Any CPU = Debug|Any CPU
		Release|Any CPU = Release|Any CPU
	EndGlobalSection
	GlobalSection(ProjectConfigurationPlatforms) = postSolution
		{7FC22729-36B8-4854-AC71-F86FFCBF5688}.Debug|Any CPU.ActiveCfg = Debug|Any CPU
		{7FC22729-36B8-4854-AC71-F86FFCBF5688}.Debug|Any CPU.Build.0 = Debug|Any CPU
		{7FC22729-36B8-4854-AC71-F86FFCBF5688}.Release|Any CPU.ActiveCfg = Release|Any CPU
		{7FC22729-36B8-4854-AC71-F86FFCBF5688}.Release|Any CPU.Build.0 = Release|Any CPU
	EndGlobalSection
	GlobalSection(SolutionProperties) = preSolution
		HideSolutionNode = FALSE
	EndGlobalSection
	GlobalSection(ExtensibilityGlobals) = postSolution
		SolutionGuid = {ADDB9E97-7B4A-44E3-B6DF-E7B06B0E0D41}
	EndGlobalSection
EndGlobal
